// !$*UTF8*$!
{
	archiveVersion = 1;
	classes = {
	};
	objectVersion = 50;
	objects = {

/* Begin PBXBuildFile section */
		DB5AB4D62979B9E1F42D81D4 /* Pods_RxSwiftTest.framework in Frameworks */ = {isa = PBXBuildFile; fileRef = 717ECCA0E2A2EBE02CD6B6D3 /* Pods_RxSwiftTest.framework */; };
		ECB16C7622B0EB1B00A9D12A /* AppDelegate.swift in Sources */ = {isa = PBXBuildFile; fileRef = ECB16C7522B0EB1B00A9D12A /* AppDelegate.swift */; };
		ECB16C7822B0EB1B00A9D12A /* ViewController.swift in Sources */ = {isa = PBXBuildFile; fileRef = ECB16C7722B0EB1B00A9D12A /* ViewController.swift */; };
		ECB16C7B22B0EB1B00A9D12A /* Main.storyboard in Resources */ = {isa = PBXBuildFile; fileRef = ECB16C7922B0EB1B00A9D12A /* Main.storyboard */; };
		ECB16C7D22B0EB1D00A9D12A /* Assets.xcassets in Resources */ = {isa = PBXBuildFile; fileRef = ECB16C7C22B0EB1D00A9D12A /* Assets.xcassets */; };
		ECB16C8022B0EB1D00A9D12A /* LaunchScreen.storyboard in Resources */ = {isa = PBXBuildFile; fileRef = ECB16C7E22B0EB1D00A9D12A /* LaunchScreen.storyboard */; };
		ECB16C8B22B0EB1D00A9D12A /* RxSwiftTestTests.swift in Sources */ = {isa = PBXBuildFile; fileRef = ECB16C8A22B0EB1D00A9D12A /* RxSwiftTestTests.swift */; };
		ECB16C9622B0EB1D00A9D12A /* RxSwiftTestUITests.swift in Sources */ = {isa = PBXBuildFile; fileRef = ECB16C9522B0EB1D00A9D12A /* RxSwiftTestUITests.swift */; };
/* End PBXBuildFile section */

/* Begin PBXContainerItemProxy section */
		ECB16C8722B0EB1D00A9D12A /* PBXContainerItemProxy */ = {
			isa = PBXContainerItemProxy;
			containerPortal = ECB16C6A22B0EB1B00A9D12A /* Project object */;
			proxyType = 1;
			remoteGlobalIDString = ECB16C7122B0EB1B00A9D12A;
			remoteInfo = RxSwiftTest;
		};
		ECB16C9222B0EB1D00A9D12A /* PBXContainerItemProxy */ = {
			isa = PBXContainerItemProxy;
			containerPortal = ECB16C6A22B0EB1B00A9D12A /* Project object */;
			proxyType = 1;
			remoteGlobalIDString = ECB16C7122B0EB1B00A9D12A;
			remoteInfo = RxSwiftTest;
		};
/* End PBXContainerItemProxy section */

/* Begin PBXFileReference section */
		070A5297444F82D22194F677 /* Pods-RxSwiftTest.debug.xcconfig */ = {isa = PBXFileReference; includeInIndex = 1; lastKnownFileType = text.xcconfig; name = "Pods-RxSwiftTest.debug.xcconfig"; path = "Target Support Files/Pods-RxSwiftTest/Pods-RxSwiftTest.debug.xcconfig"; sourceTree = "<group>"; };
		717ECCA0E2A2EBE02CD6B6D3 /* Pods_RxSwiftTest.framework */ = {isa = PBXFileReference; explicitFileType = wrapper.framework; includeInIndex = 0; path = Pods_RxSwiftTest.framework; sourceTree = BUILT_PRODUCTS_DIR; };
		A61FB9518803F57DD402FD60 /* Pods-RxSwiftTest.release.xcconfig */ = {isa = PBXFileReference; includeInIndex = 1; lastKnownFileType = text.xcconfig; name = "Pods-RxSwiftTest.release.xcconfig"; path = "Target Support Files/Pods-RxSwiftTest/Pods-RxSwiftTest.release.xcconfig"; sourceTree = "<group>"; };
		ECB16C7222B0EB1B00A9D12A /* RxSwiftTest.app */ = {isa = PBXFileReference; explicitFileType = wrapper.application; includeInIndex = 0; path = RxSwiftTest.app; sourceTree = BUILT_PRODUCTS_DIR; };
		ECB16C7522B0EB1B00A9D12A /* AppDelegate.swift */ = {isa = PBXFileReference; lastKnownFileType = sourcecode.swift; path = AppDelegate.swift; sourceTree = "<group>"; };
		ECB16C7722B0EB1B00A9D12A /* ViewController.swift */ = {isa = PBXFileReference; lastKnownFileType = sourcecode.swift; path = ViewController.swift; sourceTree = "<group>"; };
		ECB16C7A22B0EB1B00A9D12A /* Base */ = {isa = PBXFileReference; lastKnownFileType = file.storyboard; name = Base; path = Base.lproj/Main.storyboard; sourceTree = "<group>"; };
		ECB16C7C22B0EB1D00A9D12A /* Assets.xcassets */ = {isa = PBXFileReference; lastKnownFileType = folder.assetcatalog; path = Assets.xcassets; sourceTree = "<group>"; };
		ECB16C7F22B0EB1D00A9D12A /* Base */ = {isa = PBXFileReference; lastKnownFileType = file.storyboard; name = Base; path = Base.lproj/LaunchScreen.storyboard; sourceTree = "<group>"; };
		ECB16C8122B0EB1D00A9D12A /* Info.plist */ = {isa = PBXFileReference; lastKnownFileType = text.plist.xml; path = Info.plist; sourceTree = "<group>"; };
		ECB16C8622B0EB1D00A9D12A /* RxSwiftTestTests.xctest */ = {isa = PBXFileReference; explicitFileType = wrapper.cfbundle; includeInIndex = 0; path = RxSwiftTestTests.xctest; sourceTree = BUILT_PRODUCTS_DIR; };
		ECB16C8A22B0EB1D00A9D12A /* RxSwiftTestTests.swift */ = {isa = PBXFileReference; lastKnownFileType = sourcecode.swift; path = RxSwiftTestTests.swift; sourceTree = "<group>"; };
		ECB16C8C22B0EB1D00A9D12A /* Info.plist */ = {isa = PBXFileReference; lastKnownFileType = text.plist.xml; path = Info.plist; sourceTree = "<group>"; };
		ECB16C9122B0EB1D00A9D12A /* RxSwiftTestUITests.xctest */ = {isa = PBXFileReference; explicitFileType = wrapper.cfbundle; includeInIndex = 0; path = RxSwiftTestUITests.xctest; sourceTree = BUILT_PRODUCTS_DIR; };
		ECB16C9522B0EB1D00A9D12A /* RxSwiftTestUITests.swift */ = {isa = PBXFileReference; lastKnownFileType = sourcecode.swift; path = RxSwiftTestUITests.swift; sourceTree = "<group>"; };
		ECB16C9722B0EB1D00A9D12A /* Info.plist */ = {isa = PBXFileReference; lastKnownFileType = text.plist.xml; path = Info.plist; sourceTree = "<group>"; };
/* End PBXFileReference section */

/* Begin PBXFrameworksBuildPhase section */
		ECB16C6F22B0EB1B00A9D12A /* Frameworks */ = {
			isa = PBXFrameworksBuildPhase;
			buildActionMask = 2147483647;
			files = (
				DB5AB4D62979B9E1F42D81D4 /* Pods_RxSwiftTest.framework in Frameworks */,
			);
			runOnlyForDeploymentPostprocessing = 0;
		};
		ECB16C8322B0EB1D00A9D12A /* Frameworks */ = {
			isa = PBXFrameworksBuildPhase;
			buildActionMask = 2147483647;
			files = (
			);
			runOnlyForDeploymentPostprocessing = 0;
		};
		ECB16C8E22B0EB1D00A9D12A /* Frameworks */ = {
			isa = PBXFrameworksBuildPhase;
			buildActionMask = 2147483647;
			files = (
			);
			runOnlyForDeploymentPostprocessing = 0;
		};
/* End PBXFrameworksBuildPhase section */

/* Begin PBXGroup section */
		2FEB058E5A67F839599692B3 /* Frameworks */ = {
			isa = PBXGroup;
			children = (
				717ECCA0E2A2EBE02CD6B6D3 /* Pods_RxSwiftTest.framework */,
			);
			name = Frameworks;
			sourceTree = "<group>";
		};
		B7D00B888FE681F6DE1B2095 /* Pods */ = {
			isa = PBXGroup;
			children = (
				070A5297444F82D22194F677 /* Pods-RxSwiftTest.debug.xcconfig */,
				A61FB9518803F57DD402FD60 /* Pods-RxSwiftTest.release.xcconfig */,
			);
			name = Pods;
			path = Pods;
			sourceTree = "<group>";
		};
		ECB16C6922B0EB1B00A9D12A = {
			isa = PBXGroup;
			children = (
				ECB16C7422B0EB1B00A9D12A /* RxSwiftTest */,
				ECB16C8922B0EB1D00A9D12A /* RxSwiftTestTests */,
				ECB16C9422B0EB1D00A9D12A /* RxSwiftTestUITests */,
				ECB16C7322B0EB1B00A9D12A /* Products */,
				B7D00B888FE681F6DE1B2095 /* Pods */,
				2FEB058E5A67F839599692B3 /* Frameworks */,
			);
			sourceTree = "<group>";
		};
		ECB16C7322B0EB1B00A9D12A /* Products */ = {
			isa = PBXGroup;
			children = (
				ECB16C7222B0EB1B00A9D12A /* RxSwiftTest.app */,
				ECB16C8622B0EB1D00A9D12A /* RxSwiftTestTests.xctest */,
				ECB16C9122B0EB1D00A9D12A /* RxSwiftTestUITests.xctest */,
			);
			name = Products;
			sourceTree = "<group>";
		};
		ECB16C7422B0EB1B00A9D12A /* RxSwiftTest */ = {
			isa = PBXGroup;
			children = (
				ECB16C7522B0EB1B00A9D12A /* AppDelegate.swift */,
				ECB16C7722B0EB1B00A9D12A /* ViewController.swift */,
				ECB16C7922B0EB1B00A9D12A /* Main.storyboard */,
				ECB16C7C22B0EB1D00A9D12A /* Assets.xcassets */,
				ECB16C7E22B0EB1D00A9D12A /* LaunchScreen.storyboard */,
				ECB16C8122B0EB1D00A9D12A /* Info.plist */,
			);
			path = RxSwiftTest;
			sourceTree = "<group>";
		};
		ECB16C8922B0EB1D00A9D12A /* RxSwiftTestTests */ = {
			isa = PBXGroup;
			children = (
				ECB16C8A22B0EB1D00A9D12A /* RxSwiftTestTests.swift */,
				ECB16C8C22B0EB1D00A9D12A /* Info.plist */,
			);
			path = RxSwiftTestTests;
			sourceTree = "<group>";
		};
		ECB16C9422B0EB1D00A9D12A /* RxSwiftTestUITests */ = {
			isa = PBXGroup;
			children = (
				ECB16C9522B0EB1D00A9D12A /* RxSwiftTestUITests.swift */,
				ECB16C9722B0EB1D00A9D12A /* Info.plist */,
			);
			path = RxSwiftTestUITests;
			sourceTree = "<group>";
		};
/* End PBXGroup section */

/* Begin PBXNativeTarget section */
		ECB16C7122B0EB1B00A9D12A /* RxSwiftTest */ = {
			isa = PBXNativeTarget;
			buildConfigurationList = ECB16C9A22B0EB1D00A9D12A /* Build configuration list for PBXNativeTarget "RxSwiftTest" */;
			buildPhases = (
				8D32DC63A6FB07BBBDC1355C /* [CP] Check Pods Manifest.lock */,
				ECB16C6E22B0EB1B00A9D12A /* Sources */,
				ECB16C6F22B0EB1B00A9D12A /* Frameworks */,
				ECB16C7022B0EB1B00A9D12A /* Resources */,
				C170C7D3101756AF86814700 /* [CP] Embed Pods Frameworks */,
			);
			buildRules = (
			);
			dependencies = (
			);
			name = RxSwiftTest;
			productName = RxSwiftTest;
			productReference = ECB16C7222B0EB1B00A9D12A /* RxSwiftTest.app */;
			productType = "com.apple.product-type.application";
		};
		ECB16C8522B0EB1D00A9D12A /* RxSwiftTestTests */ = {
			isa = PBXNativeTarget;
			buildConfigurationList = ECB16C9D22B0EB1D00A9D12A /* Build configuration list for PBXNativeTarget "RxSwiftTestTests" */;
			buildPhases = (
				ECB16C8222B0EB1D00A9D12A /* Sources */,
				ECB16C8322B0EB1D00A9D12A /* Frameworks */,
				ECB16C8422B0EB1D00A9D12A /* Resources */,
			);
			buildRules = (
			);
			dependencies = (
				ECB16C8822B0EB1D00A9D12A /* PBXTargetDependency */,
			);
			name = RxSwiftTestTests;
			productName = RxSwiftTestTests;
			productReference = ECB16C8622B0EB1D00A9D12A /* RxSwiftTestTests.xctest */;
			productType = "com.apple.product-type.bundle.unit-test";
		};
		ECB16C9022B0EB1D00A9D12A /* RxSwiftTestUITests */ = {
			isa = PBXNativeTarget;
			buildConfigurationList = ECB16CA022B0EB1D00A9D12A /* Build configuration list for PBXNativeTarget "RxSwiftTestUITests" */;
			buildPhases = (
				ECB16C8D22B0EB1D00A9D12A /* Sources */,
				ECB16C8E22B0EB1D00A9D12A /* Frameworks */,
				ECB16C8F22B0EB1D00A9D12A /* Resources */,
			);
			buildRules = (
			);
			dependencies = (
				ECB16C9322B0EB1D00A9D12A /* PBXTargetDependency */,
			);
			name = RxSwiftTestUITests;
			productName = RxSwiftTestUITests;
			productReference = ECB16C9122B0EB1D00A9D12A /* RxSwiftTestUITests.xctest */;
			productType = "com.apple.product-type.bundle.ui-testing";
		};
/* End PBXNativeTarget section */

/* Begin PBXProject section */
		ECB16C6A22B0EB1B00A9D12A /* Project object */ = {
			isa = PBXProject;
			attributes = {
				LastSwiftUpdateCheck = 1010;
				LastUpgradeCheck = 1010;
				ORGANIZATIONNAME = Trainee;
				TargetAttributes = {
					ECB16C7122B0EB1B00A9D12A = {
						CreatedOnToolsVersion = 10.1;
					};
					ECB16C8522B0EB1D00A9D12A = {
						CreatedOnToolsVersion = 10.1;
						TestTargetID = ECB16C7122B0EB1B00A9D12A;
					};
					ECB16C9022B0EB1D00A9D12A = {
						CreatedOnToolsVersion = 10.1;
						TestTargetID = ECB16C7122B0EB1B00A9D12A;
					};
				};
			};
			buildConfigurationList = ECB16C6D22B0EB1B00A9D12A /* Build configuration list for PBXProject "RxSwiftTest" */;
			compatibilityVersion = "Xcode 9.3";
			developmentRegion = en;
			hasScannedForEncodings = 0;
			knownRegions = (
				en,
				Base,
			);
			mainGroup = ECB16C6922B0EB1B00A9D12A;
			productRefGroup = ECB16C7322B0EB1B00A9D12A /* Products */;
			projectDirPath = "";
			projectRoot = "";
			targets = (
				ECB16C7122B0EB1B00A9D12A /* RxSwiftTest */,
				ECB16C8522B0EB1D00A9D12A /* RxSwiftTestTests */,
				ECB16C9022B0EB1D00A9D12A /* RxSwiftTestUITests */,
			);
		};
/* End PBXProject section */

/* Begin PBXResourcesBuildPhase section */
		ECB16C7022B0EB1B00A9D12A /* Resources */ = {
			isa = PBXResourcesBuildPhase;
			buildActionMask = 2147483647;
			files = (
				ECB16C8022B0EB1D00A9D12A /* LaunchScreen.storyboard in Resources */,
				ECB16C7D22B0EB1D00A9D12A /* Assets.xcassets in Resources */,
				ECB16C7B22B0EB1B00A9D12A /* Main.storyboard in Resources */,
			);
			runOnlyForDeploymentPostprocessing = 0;
		};
		ECB16C8422B0EB1D00A9D12A /* Resources */ = {
			isa = PBXResourcesBuildPhase;
			buildActionMask = 2147483647;
			files = (
			);
			runOnlyForDeploymentPostprocessing = 0;
		};
		ECB16C8F22B0EB1D00A9D12A /* Resources */ = {
			isa = PBXResourcesBuildPhase;
			buildActionMask = 2147483647;
			files = (
			);
			runOnlyForDeploymentPostprocessing = 0;
		};
/* End PBXResourcesBuildPhase section */

/* Begin PBXShellScriptBuildPhase section */
		8D32DC63A6FB07BBBDC1355C /* [CP] Check Pods Manifest.lock */ = {
			isa = PBXShellScriptBuildPhase;
			buildActionMask = 2147483647;
			files = (
			);
			inputFileListPaths = (
			);
			inputPaths = (
				"${PODS_PODFILE_DIR_PATH}/Podfile.lock",
				"${PODS_ROOT}/Manifest.lock",
			);
			name = "[CP] Check Pods Manifest.lock";
			outputFileListPaths = (
			);
			outputPaths = (
				"$(DERIVED_FILE_DIR)/Pods-RxSwiftTest-checkManifestLockResult.txt",
			);
			runOnlyForDeploymentPostprocessing = 0;
			shellPath = /bin/sh;
			shellScript = "diff \"${PODS_PODFILE_DIR_PATH}/Podfile.lock\" \"${PODS_ROOT}/Manifest.lock\" > /dev/null\nif [ $? != 0 ] ; then\n    # print error to STDERR\n    echo \"error: The sandbox is not in sync with the Podfile.lock. Run 'pod install' or update your CocoaPods installation.\" >&2\n    exit 1\nfi\n# This output is used by Xcode 'outputs' to avoid re-running this script phase.\necho \"SUCCESS\" > \"${SCRIPT_OUTPUT_FILE_0}\"\n";
			showEnvVarsInLog = 0;
		};
		C170C7D3101756AF86814700 /* [CP] Embed Pods Frameworks */ = {
			isa = PBXShellScriptBuildPhase;
			buildActionMask = 2147483647;
			files = (
			);
			inputFileListPaths = (
			);
			inputPaths = (
				"${PODS_ROOT}/Target Support Files/Pods-RxSwiftTest/Pods-RxSwiftTest-frameworks.sh",
				"${BUILT_PRODUCTS_DIR}/RxCocoa/RxCocoa.framework",
				"${BUILT_PRODUCTS_DIR}/RxSwift/RxSwift.framework",
				"${BUILT_PRODUCTS_DIR}/SnapKit/SnapKit.framework",
			);
			name = "[CP] Embed Pods Frameworks";
			outputFileListPaths = (
			);
			outputPaths = (
				"${TARGET_BUILD_DIR}/${FRAMEWORKS_FOLDER_PATH}/RxCocoa.framework",
				"${TARGET_BUILD_DIR}/${FRAMEWORKS_FOLDER_PATH}/RxSwift.framework",
				"${TARGET_BUILD_DIR}/${FRAMEWORKS_FOLDER_PATH}/SnapKit.framework",
			);
			runOnlyForDeploymentPostprocessing = 0;
			shellPath = /bin/sh;
			shellScript = "\"${PODS_ROOT}/Target Support Files/Pods-RxSwiftTest/Pods-RxSwiftTest-frameworks.sh\"\n";
			showEnvVarsInLog = 0;
		};
/* End PBXShellScriptBuildPhase section */

/* Begin PBXSourcesBuildPhase section */
		ECB16C6E22B0EB1B00A9D12A /* Sources */ = {
			isa = PBXSourcesBuildPhase;
			buildActionMask = 2147483647;
			files = (
				ECB16C7822B0EB1B00A9D12A /* ViewController.swift in Sources */,
				ECB16C7622B0EB1B00A9D12A /* AppDelegate.swift in Sources */,
			);
			runOnlyForDeploymentPostprocessing = 0;
		};
		ECB16C8222B0EB1D00A9D12A /* Sources */ = {
			isa = PBXSourcesBuildPhase;
			buildActionMask = 2147483647;
			files = (
				ECB16C8B22B0EB1D00A9D12A /* RxSwiftTestTests.swift in Sources */,
			);
			runOnlyForDeploymentPostprocessing = 0;
		};
		ECB16C8D22B0EB1D00A9D12A /* Sources */ = {
			isa = PBXSourcesBuildPhase;
			buildActionMask = 2147483647;
			files = (
				ECB16C9622B0EB1D00A9D12A /* RxSwiftTestUITests.swift in Sources */,
			);
			runOnlyForDeploymentPostprocessing = 0;
		};
/* End PBXSourcesBuildPhase section */

/* Begin PBXTargetDependency section */
		ECB16C8822B0EB1D00A9D12A /* PBXTargetDependency */ = {
			isa = PBXTargetDependency;
			target = ECB16C7122B0EB1B00A9D12A /* RxSwiftTest */;
			targetProxy = ECB16C8722B0EB1D00A9D12A /* PBXContainerItemProxy */;
		};
		ECB16C9322B0EB1D00A9D12A /* PBXTargetDependency */ = {
			isa = PBXTargetDependency;
			target = ECB16C7122B0EB1B00A9D12A /* RxSwiftTest */;
			targetProxy = ECB16C9222B0EB1D00A9D12A /* PBXContainerItemProxy */;
		};
/* End PBXTargetDependency section */

/* Begin PBXVariantGroup section */
		ECB16C7922B0EB1B00A9D12A /* Main.storyboard */ = {
			isa = PBXVariantGroup;
			children = (
				ECB16C7A22B0EB1B00A9D12A /* Base */,
			);
			name = Main.storyboard;
			sourceTree = "<group>";
		};
		ECB16C7E22B0EB1D00A9D12A /* LaunchScreen.storyboard */ = {
			isa = PBXVariantGroup;
			children = (
				ECB16C7F22B0EB1D00A9D12A /* Base */,
			);
			name = LaunchScreen.storyboard;
			sourceTree = "<group>";
		};
/* End PBXVariantGroup section */

/* Begin XCBuildConfiguration section */
		ECB16C9822B0EB1D00A9D12A /* Debug */ = {
			isa = XCBuildConfiguration;
			buildSettings = {
				ALWAYS_SEARCH_USER_PATHS = NO;
				CLANG_ANALYZER_NONNULL = YES;
				CLANG_ANALYZER_NUMBER_OBJECT_CONVERSION = YES_AGGRESSIVE;
				CLANG_CXX_LANGUAGE_STANDARD = "gnu++14";
				CLANG_CXX_LIBRARY = "libc++";
				CLANG_ENABLE_MODULES = YES;
				CLANG_ENABLE_OBJC_ARC = YES;
				CLANG_ENABLE_OBJC_WEAK = YES;
				CLANG_WARN_BLOCK_CAPTURE_AUTORELEASING = YES;
				CLANG_WARN_BOOL_CONVERSION = YES;
				CLANG_WARN_COMMA = YES;
				CLANG_WARN_CONSTANT_CONVERSION = YES;
				CLANG_WARN_DEPRECATED_OBJC_IMPLEMENTATIONS = YES;
				CLANG_WARN_DIRECT_OBJC_ISA_USAGE = YES_ERROR;
				CLANG_WARN_DOCUMENTATION_COMMENTS = YES;
				CLANG_WARN_EMPTY_BODY = YES;
				CLANG_WARN_ENUM_CONVERSION = YES;
				CLANG_WARN_INFINITE_RECURSION = YES;
				CLANG_WARN_INT_CONVERSION = YES;
				CLANG_WARN_NON_LITERAL_NULL_CONVERSION = YES;
				CLANG_WARN_OBJC_IMPLICIT_RETAIN_SELF = YES;
				CLANG_WARN_OBJC_LITERAL_CONVERSION = YES;
				CLANG_WARN_OBJC_ROOT_CLASS = YES_ERROR;
				CLANG_WARN_RANGE_LOOP_ANALYSIS = YES;
				CLANG_WARN_STRICT_PROTOTYPES = YES;
				CLANG_WARN_SUSPICIOUS_MOVE = YES;
				CLANG_WARN_UNGUARDED_AVAILABILITY = YES_AGGRESSIVE;
				CLANG_WARN_UNREACHABLE_CODE = YES;
				CLANG_WARN__DUPLICATE_METHOD_MATCH = YES;
				CODE_SIGN_IDENTITY = "iPhone Developer";
				COPY_PHASE_STRIP = NO;
				DEBUG_INFORMATION_FORMAT = dwarf;
				ENABLE_STRICT_OBJC_MSGSEND = YES;
				ENABLE_TESTABILITY = YES;
				GCC_C_LANGUAGE_STANDARD = gnu11;
				GCC_DYNAMIC_NO_PIC = NO;
				GCC_NO_COMMON_BLOCKS = YES;
				GCC_OPTIMIZATION_LEVEL = 0;
				GCC_PREPROCESSOR_DEFINITIONS = (
					"DEBUG=1",
					"$(inherited)",
				);
				GCC_WARN_64_TO_32_BIT_CONVERSION = YES;
				GCC_WARN_ABOUT_RETURN_TYPE = YES_ERROR;
				GCC_WARN_UNDECLARED_SELECTOR = YES;
				GCC_WARN_UNINITIALIZED_AUTOS = YES_AGGRESSIVE;
				GCC_WARN_UNUSED_FUNCTION = YES;
				GCC_WARN_UNUSED_VARIABLE = YES;
				IPHONEOS_DEPLOYMENT_TARGET = 12.1;
				MTL_ENABLE_DEBUG_INFO = INCLUDE_SOURCE;
				MTL_FAST_MATH = YES;
				ONLY_ACTIVE_ARCH = YES;
				SDKROOT = iphoneos;
				SWIFT_ACTIVE_COMPILATION_CONDITIONS = DEBUG;
				SWIFT_OPTIMIZATION_LEVEL = "-Onone";
			};
			name = Debug;
		};
		ECB16C9922B0EB1D00A9D12A /* Release */ = {
			isa = XCBuildConfiguration;
			buildSettings = {
				ALWAYS_SEARCH_USER_PATHS = NO;
				CLANG_ANALYZER_NONNULL = YES;
				CLANG_ANALYZER_NUMBER_OBJECT_CONVERSION = YES_AGGRESSIVE;
				CLANG_CXX_LANGUAGE_STANDARD = "gnu++14";
				CLANG_CXX_LIBRARY = "libc++";
				CLANG_ENABLE_MODULES = YES;
				CLANG_ENABLE_OBJC_ARC = YES;
				CLANG_ENABLE_OBJC_WEAK = YES;
				CLANG_WARN_BLOCK_CAPTURE_AUTORELEASING = YES;
				CLANG_WARN_BOOL_CONVERSION = YES;
				CLANG_WARN_COMMA = YES;
				CLANG_WARN_CONSTANT_CONVERSION = YES;
				CLANG_WARN_DEPRECATED_OBJC_IMPLEMENTATIONS = YES;
				CLANG_WARN_DIRECT_OBJC_ISA_USAGE = YES_ERROR;
				CLANG_WARN_DOCUMENTATION_COMMENTS = YES;
				CLANG_WARN_EMPTY_BODY = YES;
				CLANG_WARN_ENUM_CONVERSION = YES;
				CLANG_WARN_INFINITE_RECURSION = YES;
				CLANG_WARN_INT_CONVERSION = YES;
				CLANG_WARN_NON_LITERAL_NULL_CONVERSION = YES;
				CLANG_WARN_OBJC_IMPLICIT_RETAIN_SELF = YES;
				CLANG_WARN_OBJC_LITERAL_CONVERSION = YES;
				CLANG_WARN_OBJC_ROOT_CLASS = YES_ERROR;
				CLANG_WARN_RANGE_LOOP_ANALYSIS = YES;
				CLANG_WARN_STRICT_PROTOTYPES = YES;
				CLANG_WARN_SUSPICIOUS_MOVE = YES;
				CLANG_WARN_UNGUARDED_AVAILABILITY = YES_AGGRESSIVE;
				CLANG_WARN_UNREACHABLE_CODE = YES;
				CLANG_WARN__DUPLICATE_METHOD_MATCH = YES;
				CODE_SIGN_IDENTITY = "iPhone Developer";
				COPY_PHASE_STRIP = NO;
				DEBUG_INFORMATION_FORMAT = "dwarf-with-dsym";
				ENABLE_NS_ASSERTIONS = NO;
				ENABLE_STRICT_OBJC_MSGSEND = YES;
				GCC_C_LANGUAGE_STANDARD = gnu11;
				GCC_NO_COMMON_BLOCKS = YES;
				GCC_WARN_64_TO_32_BIT_CONVERSION = YES;
				GCC_WARN_ABOUT_RETURN_TYPE = YES_ERROR;
				GCC_WARN_UNDECLARED_SELECTOR = YES;
				GCC_WARN_UNINITIALIZED_AUTOS = YES_AGGRESSIVE;
				GCC_WARN_UNUSED_FUNCTION = YES;
				GCC_WARN_UNUSED_VARIABLE = YES;
				IPHONEOS_DEPLOYMENT_TARGET = 12.1;
				MTL_ENABLE_DEBUG_INFO = NO;
				MTL_FAST_MATH = YES;
				SDKROOT = iphoneos;
				SWIFT_COMPILATION_MODE = wholemodule;
				SWIFT_OPTIMIZATION_LEVEL = "-O";
				VALIDATE_PRODUCT = YES;
			};
			name = Release;
		};
		ECB16C9B22B0EB1D00A9D12A /* Debug */ = {
			isa = XCBuildConfiguration;
			baseConfigurationReference = 070A5297444F82D22194F677 /* Pods-RxSwiftTest.debug.xcconfig */;
			buildSettings = {
				ASSETCATALOG_COMPILER_APPICON_NAME = AppIcon;
				CODE_SIGN_STYLE = Automatic;
				INFOPLIST_FILE = RxSwiftTest/Info.plist;
				LD_RUNPATH_SEARCH_PATHS = (
					"$(inherited)",
					"@executable_path/Frameworks",
				);
				PRODUCT_BUNDLE_IDENTIFIER = dev.RxSwiftTest;
				PRODUCT_NAME = "$(TARGET_NAME)";
				SWIFT_VERSION = 4.2;
				TARGETED_DEVICE_FAMILY = "1,2";
			};
			name = Debug;
		};
		ECB16C9C22B0EB1D00A9D12A /* Release */ = {
			isa = XCBuildConfiguration;
			baseConfigurationReference = A61FB9518803F57DD402FD60 /* Pods-RxSwiftTest.release.xcconfig */;
			buildSettings = {
				ASSETCATALOG_COMPILER_APPICON_NAME = AppIcon;
				CODE_SIGN_STYLE = Automatic;
				INFOPLIST_FILE = RxSwiftTest/Info.plist;
				LD_RUNPATH_SEARCH_PATHS = (
					"$(inherited)",
					"@executable_path/Frameworks",
				);
				PRODUCT_BUNDLE_IDENTIFIER = dev.RxSwiftTest;
				PRODUCT_NAME = "$(TARGET_NAME)";
				SWIFT_VERSION = 4.2;
				TARGETED_DEVICE_FAMILY = "1,2";
			};
			name = Release;
		};
		ECB16C9E22B0EB1D00A9D12A /* Debug */ = {
			isa = XCBuildConfiguration;
			buildSettings = {
				ALWAYS_EMBED_SWIFT_STANDARD_LIBRARIES = YES;
				BUNDLE_LOADER = "$(TEST_HOST)";
				CODE_SIGN_STYLE = Automatic;
				INFOPLIST_FILE = RxSwiftTestTests/Info.plist;
				LD_RUNPATH_SEARCH_PATHS = (
					"$(inherited)",
					"@executable_path/Frameworks",
					"@loader_path/Frameworks",
				);
				PRODUCT_BUNDLE_IDENTIFIER = dev.RxSwiftTestTests;
				PRODUCT_NAME = "$(TARGET_NAME)";
				SWIFT_VERSION = 4.2;
				TARGETED_DEVICE_FAMILY = "1,2";
				TEST_HOST = "$(BUILT_PRODUCTS_DIR)/RxSwiftTest.app/RxSwiftTest";
			};
			name = Debug;
		};
		ECB16C9F22B0EB1D00A9D12A /* Release */ = {
			isa = XCBuildConfiguration;
			buildSettings = {
				ALWAYS_EMBED_SWIFT_STANDARD_LIBRARIES = YES;
				BUNDLE_LOADER = "$(TEST_HOST)";
				CODE_SIGN_STYLE = Automatic;
				INFOPLIST_FILE = RxSwiftTestTests/Info.plist;
				LD_RUNPATH_SEARCH_PATHS = (
					"$(inherited)",
					"@executable_path/Frameworks",
					"@loader_path/Frameworks",
				);
				PRODUCT_BUNDLE_IDENTIFIER = dev.RxSwiftTestTests;
				PRODUCT_NAME = "$(TARGET_NAME)";
				SWIFT_VERSION = 4.2;
				TARGETED_DEVICE_FAMILY = "1,2";
				TEST_HOST = "$(BUILT_PRODUCTS_DIR)/RxSwiftTest.app/RxSwiftTest";
			};
			name = Release;
		};
		ECB16CA122B0EB1D00A9D12A /* Debug */ = {
			isa = XCBuildConfiguration;
			buildSettings = {
				ALWAYS_EMBED_SWIFT_STANDARD_LIBRARIES = YES;
				CODE_SIGN_STYLE = Automatic;
				INFOPLIST_FILE = RxSwiftTestUITests/Info.plist;
				LD_RUNPATH_SEARCH_PATHS = (
					"$(inherited)",
					"@executable_path/Frameworks",
					"@loader_path/Frameworks",
				);
				PRODUCT_BUNDLE_IDENTIFIER = dev.RxSwiftTestUITests;
				PRODUCT_NAME = "$(TARGET_NAME)";
				SWIFT_VERSION = 4.2;
				TARGETED_DEVICE_FAMILY = "1,2";
				TEST_TARGET_NAME = RxSwiftTest;
			};
			name = Debug;
		};
		ECB16CA222B0EB1D00A9D12A /* Release */ = {
			isa = XCBuildConfiguration;
			buildSettings = {
				ALWAYS_EMBED_SWIFT_STANDARD_LIBRARIES = YES;
				CODE_SIGN_STYLE = Automatic;
				INFOPLIST_FILE = RxSwiftTestUITests/Info.plist;
				LD_RUNPATH_SEARCH_PATHS = (
					"$(inherited)",
					"@executable_path/Frameworks",
					"@loader_path/Frameworks",
				);
				PRODUCT_BUNDLE_IDENTIFIER = dev.RxSwiftTestUITests;
				PRODUCT_NAME = "$(TARGET_NAME)";
				SWIFT_VERSION = 4.2;
				TARGETED_DEVICE_FAMILY = "1,2";
				TEST_TARGET_NAME = RxSwiftTest;
			};
			name = Release;
		};
/* End XCBuildConfiguration section */

/* Begin XCConfigurationList section */
		ECB16C6D22B0EB1B00A9D12A /* Build configuration list for PBXProject "RxSwiftTest" */ = {
			isa = XCConfigurationList;
			buildConfigurations = (
				ECB16C9822B0EB1D00A9D12A /* Debug */,
				ECB16C9922B0EB1D00A9D12A /* Release */,
			);
			defaultConfigurationIsVisible = 0;
			defaultConfigurationName = Release;
		};
		ECB16C9A22B0EB1D00A9D12A /* Build configuration list for PBXNativeTarget "RxSwiftTest" */ = {
			isa = XCConfigurationList;
			buildConfigurations = (
				ECB16C9B22B0EB1D00A9D12A /* Debug */,
				ECB16C9C22B0EB1D00A9D12A /* Release */,
			);
			defaultConfigurationIsVisible = 0;
			defaultConfigurationName = Release;
		};
		ECB16C9D22B0EB1D00A9D12A /* Build configuration list for PBXNativeTarget "RxSwiftTestTests" */ = {
			isa = XCConfigurationList;
			buildConfigurations = (
				ECB16C9E22B0EB1D00A9D12A /* Debug */,
				ECB16C9F22B0EB1D00A9D12A /* Release */,
			);
			defaultConfigurationIsVisible = 0;
			defaultConfigurationName = Release;
		};
		ECB16CA022B0EB1D00A9D12A /* Build configuration list for PBXNativeTarget "RxSwiftTestUITests" */ = {
			isa = XCConfigurationList;
			buildConfigurations = (
				ECB16CA122B0EB1D00A9D12A /* Debug */,
				ECB16CA222B0EB1D00A9D12A /* Release */,
			);
			defaultConfigurationIsVisible = 0;
			defaultConfigurationName = Release;
		};
/* End XCConfigurationList section */
	};
	rootObject = ECB16C6A22B0EB1B00A9D12A /* Project object */;
}
